PODS:
  - FlutterMacOS (1.0.0)
  - image_editor_common (1.0.0):
    - Flutter
    - FlutterMacOS

DEPENDENCIES:
  - FlutterMacOS (from `Flutter/ephemeral`)
  - image_editor_common (from `Flutter/ephemeral/.symlinks/plugins/image_editor_common/macos`)

EXTERNAL SOURCES:
  FlutterMacOS:
    :path: Flutter/ephemeral
  image_editor_common:
    :path: Flutter/ephemeral/.symlinks/plugins/image_editor_common/macos

SPEC CHECKSUMS:
  FlutterMacOS: d0db08ddef1a9af05a5ec4b724367152bb0500b1
  image_editor_common: 1b11f59fad8909bafcdaa0f31cc9373425b58600

PODFILE CHECKSUM: c2e95c8c0fe03c5c57e438583cae4cc732296009

COCOAPODS: 1.16.2
