PODS:
  - flutter_image_compress_macos (1.0.0):
    - FlutterMacOS
  - flutter_inappwebview_macos (0.0.1):
    - FlutterMacOS
    - OrderedSet (~> 6.0.3)
  - FlutterMacOS (1.0.0)
  - image_editor_common (1.0.0):
    - Flutter
    - FlutterMacOS
  - isar_community_flutter_libs (1.0.0):
    - FlutterMacOS
  - OrderedSet (6.0.3)
  - rust_lib_aria (0.0.1):
    - FlutterMacOS
  - screen_retriever_macos (0.0.1):
    - FlutterMacOS
  - webcrypto (0.1.1):
    - Flutter
    - FlutterMacOS

DEPENDENCIES:
  - flutter_image_compress_macos (from `Flutter/ephemeral/.symlinks/plugins/flutter_image_compress_macos/macos`)
  - flutter_inappwebview_macos (from `Flutter/ephemeral/.symlinks/plugins/flutter_inappwebview_macos/macos`)
  - FlutterMacOS (from `Flutter/ephemeral`)
  - image_editor_common (from `Flutter/ephemeral/.symlinks/plugins/image_editor_common/macos`)
  - isar_community_flutter_libs (from `Flutter/ephemeral/.symlinks/plugins/isar_community_flutter_libs/macos`)
  - rust_lib_aria (from `Flutter/ephemeral/.symlinks/plugins/rust_lib_aria/macos`)
  - screen_retriever_macos (from `Flutter/ephemeral/.symlinks/plugins/screen_retriever_macos/macos`)
  - webcrypto (from `Flutter/ephemeral/.symlinks/plugins/webcrypto/darwin`)

SPEC REPOS:
  trunk:
    - OrderedSet

EXTERNAL SOURCES:
  flutter_image_compress_macos:
    :path: Flutter/ephemeral/.symlinks/plugins/flutter_image_compress_macos/macos
  flutter_inappwebview_macos:
    :path: Flutter/ephemeral/.symlinks/plugins/flutter_inappwebview_macos/macos
  FlutterMacOS:
    :path: Flutter/ephemeral
  image_editor_common:
    :path: Flutter/ephemeral/.symlinks/plugins/image_editor_common/macos
  isar_community_flutter_libs:
    :path: Flutter/ephemeral/.symlinks/plugins/isar_community_flutter_libs/macos
  rust_lib_aria:
    :path: Flutter/ephemeral/.symlinks/plugins/rust_lib_aria/macos
  screen_retriever_macos:
    :path: Flutter/ephemeral/.symlinks/plugins/screen_retriever_macos/macos
  webcrypto:
    :path: Flutter/ephemeral/.symlinks/plugins/webcrypto/darwin

SPEC CHECKSUMS:
  flutter_image_compress_macos: c26c3c13ea0f28ae6dea4e139b3292e7729f99f1
  flutter_inappwebview_macos: bdf207b8f4ebd58e86ae06cd96b147de99a67c9b
  FlutterMacOS: d0db08ddef1a9af05a5ec4b724367152bb0500b1
  image_editor_common: 1b11f59fad8909bafcdaa0f31cc9373425b58600
  isar_community_flutter_libs: d3749f6775866378fc78328b10f1397a05fba673
  OrderedSet: e539b66b644ff081c73a262d24ad552a69be3a94
  rust_lib_aria: 793a1cb9897092ee3e848adb8d284dee13466e34
  screen_retriever_macos: 776e0fa5d42c6163d2bf772d22478df4b302b161
  webcrypto: aa788ff6b0a956e5d6e613b35b99c13e220ca2d0

PODFILE CHECKSUM: c2e95c8c0fe03c5c57e438583cae4cc732296009

COCOAPODS: 1.16.2
