PODS:
  - Flutter (1.0.0)
  - flutter_apns_only (0.0.1):
    - Flutter
  - image_editor_common (1.0.0):
    - Flutter

DEPENDENCIES:
  - Flutter (from `Flutter`)
  - flutter_apns_only (from `.symlinks/plugins/flutter_apns_only/ios`)
  - image_editor_common (from `.symlinks/plugins/image_editor_common/ios`)

EXTERNAL SOURCES:
  Flutter:
    :path: Flutter
  flutter_apns_only:
    :path: ".symlinks/plugins/flutter_apns_only/ios"
  image_editor_common:
    :path: ".symlinks/plugins/image_editor_common/ios"

SPEC CHECKSUMS:
  Flutter: 71a624a5bc0c04062bf19101d501e466baf2fb47
  flutter_apns_only: 3d91c0ca9dbef4439874858590909a19f8ed06a4
  image_editor_common: d6f6644ae4a6de80481e89fe6d0a8c49e30b4b43

PODFILE CHECKSUM: 524f9ea2bc6266b33df281650761b8944de9a5d2

COCOAPODS: 1.16.2
