PODS:
  - Flutter (1.0.0)
  - flutter_apns_only (0.0.1):
    - Flutter
  - image_editor_common (1.0.0):
    - Flutter

DEPENDENCIES:
  - Flutter (from `Flutter`)
  - flutter_apns_only (from `.symlinks/plugins/flutter_apns_only/ios`)
  - image_editor_common (from `.symlinks/plugins/image_editor_common/ios`)

EXTERNAL SOURCES:
  Flutter:
    :path: Flutter
  flutter_apns_only:
    :path: ".symlinks/plugins/flutter_apns_only/ios"
  image_editor_common:
    :path: ".symlinks/plugins/image_editor_common/ios"

SPEC CHECKSUMS:
  Flutter: cabc95a1d2626b1b06e7179b784ebcf0c0cde467
  flutter_apns_only: 3d91c0ca9dbef4439874858590909a19f8ed06a4
  image_editor_common: d6f6644ae4a6de80481e89fe6d0a8c49e30b4b43

PODFILE CHECKSUM: 8f87dd84ac2556c1d3c027edd6e2b6d74267735a

COCOAPODS: 1.16.2
